// !$*UTF8*$!
{
	archiveVersion = 1;
	classes = {
	};
	objectVersion = 46;
	objects = {

/* Begin PBXBuildFile section */
		B267E7851BDF141F001A461B /* LeaderboardSingleton.swift in Sources */ = {isa = PBXBuildFile; fileRef = B267E7841BDF141F001A461B /* LeaderboardSingleton.swift */; };
		D74415861BBB2AE0004E84F8 /* AppDelegate.swift in Sources */ = {isa = PBXBuildFile; fileRef = D74415851BBB2AE0004E84F8 /* AppDelegate.swift */; };
		D74415881BBB2AE0004E84F8 /* ViewController.swift in Sources */ = {isa = PBXBuildFile; fileRef = D74415871BBB2AE0004E84F8 /* ViewController.swift */; };
		D744158D1BBB2AE0004E84F8 /* Images.xcassets in Resources */ = {isa = PBXBuildFile; fileRef = D744158C1BBB2AE0004E84F8 /* Images.xcassets */; };
		D74415901BBB2AE0004E84F8 /* LaunchScreen.xib in Resources */ = {isa = PBXBuildFile; fileRef = D744158E1BBB2AE0004E84F8 /* LaunchScreen.xib */; };
		D744159C1BBB2AE0004E84F8 /* crazyEightsTests.swift in Sources */ = {isa = PBXBuildFile; fileRef = D744159B1BBB2AE0004E84F8 /* crazyEightsTests.swift */; };
		D74415AE1BBB4C90004E84F8 /* Main.storyboard in Resources */ = {isa = PBXBuildFile; fileRef = D74415AD1BBB4C90004E84F8 /* Main.storyboard */; };
		D74415B21BBBAC88004E84F8 /* GamePlayController.swift in Sources */ = {isa = PBXBuildFile; fileRef = D74415B11BBBAC88004E84F8 /* GamePlayController.swift */; };
		D7747D521BBE266D00E95D6F /* background.png in Resources */ = {isa = PBXBuildFile; fileRef = D7747D4F1BBE266D00E95D6F /* background.png */; };
		D7747D531BBE266D00E95D6F /* dealcards.png in Resources */ = {isa = PBXBuildFile; fileRef = D7747D501BBE266D00E95D6F /* dealcards.png */; };
		D7747D541BBE266D00E95D6F /* player.png in Resources */ = {isa = PBXBuildFile; fileRef = D7747D511BBE266D00E95D6F /* player.png */; };
		D79E10EB1BE96EE6005B6A46 /* maria_profile_head_02.png in Resources */ = {isa = PBXBuildFile; fileRef = D79E10EA1BE96EE6005B6A46 /* maria_profile_head_02.png */; };
		D79E10ED1BE96FFF005B6A46 /* matt_profile_head_02.png in Resources */ = {isa = PBXBuildFile; fileRef = D79E10EC1BE96FFF005B6A46 /* matt_profile_head_02.png */; };
		D79E10EF1BE97CF0005B6A46 /* nelson_profile_head_02.png in Resources */ = {isa = PBXBuildFile; fileRef = D79E10EE1BE97CF0005B6A46 /* nelson_profile_head_02.png */; };
		D79E10F11BE97D30005B6A46 /* jesse_profile_head_02.png in Resources */ = {isa = PBXBuildFile; fileRef = D79E10F01BE97D30005B6A46 /* jesse_profile_head_02.png */; };
		D79E10F31BE97D82005B6A46 /* jane_profile_head_02.png in Resources */ = {isa = PBXBuildFile; fileRef = D79E10F21BE97D82005B6A46 /* jane_profile_head_02.png */; };
		D7A7AFC41BE7FC8D001A5B58 /* logo.png in Resources */ = {isa = PBXBuildFile; fileRef = D7A7AFC31BE7FC8D001A5B58 /* logo.png */; };
		D7A7AFD21BE80F50001A5B58 /* left_arrow@2x.png in Resources */ = {isa = PBXBuildFile; fileRef = D7A7AFCF1BE80F50001A5B58 /* left_arrow@2x.png */; };
		D7A7AFD31BE80F50001A5B58 /* points_tracker_06.png in Resources */ = {isa = PBXBuildFile; fileRef = D7A7AFD01BE80F50001A5B58 /* points_tracker_06.png */; };
		D7A7AFD61BE8265C001A5B58 /* lose_banner_06.png in Resources */ = {isa = PBXBuildFile; fileRef = D7A7AFD51BE8265C001A5B58 /* lose_banner_06.png */; };
		D7A7AFDC1BE88D12001A5B58 /* PlayerController.swift in Sources */ = {isa = PBXBuildFile; fileRef = D7A7AFDB1BE88D12001A5B58 /* PlayerController.swift */; };
		D7A7AFE61BE896BA001A5B58 /* jane_profile_02.png in Resources */ = {isa = PBXBuildFile; fileRef = D7A7AFE11BE896BA001A5B58 /* jane_profile_02.png */; };
		D7A7AFE71BE896BA001A5B58 /* jesse_profile_02.png in Resources */ = {isa = PBXBuildFile; fileRef = D7A7AFE21BE896BA001A5B58 /* jesse_profile_02.png */; };
		D7A7AFE81BE896BA001A5B58 /* maria_profile_02.png in Resources */ = {isa = PBXBuildFile; fileRef = D7A7AFE31BE896BA001A5B58 /* maria_profile_02.png */; };
		D7A7AFE91BE896BA001A5B58 /* matt_profile_02.png in Resources */ = {isa = PBXBuildFile; fileRef = D7A7AFE41BE896BA001A5B58 /* matt_profile_02.png */; };
		D7A7AFEA1BE896BA001A5B58 /* nelson_profile_02.png in Resources */ = {isa = PBXBuildFile; fileRef = D7A7AFE51BE896BA001A5B58 /* nelson_profile_02.png */; };
		D7B2E4131BD60AE3002FA664 /* settings_btn.png in Resources */ = {isa = PBXBuildFile; fileRef = D7B2E4121BD60AE3002FA664 /* settings_btn.png */; };
		D7B2E4171BD89D93002FA664 /* SettingsController.swift in Sources */ = {isa = PBXBuildFile; fileRef = D7B2E4161BD89D93002FA664 /* SettingsController.swift */; };
		D7B2E4191BD8A2AB002FA664 /* HomePageController.swift in Sources */ = {isa = PBXBuildFile; fileRef = D7B2E4181BD8A2AB002FA664 /* HomePageController.swift */; };
		D7BBEA0D1BD9F236000126B7 /* BLEManager.swift in Sources */ = {isa = PBXBuildFile; fileRef = D7BBEA0C1BD9F236000126B7 /* BLEManager.swift */; };
		D7BBEA0F1BD9F418000126B7 /* BLEHandler.swift in Sources */ = {isa = PBXBuildFile; fileRef = D7BBEA0E1BD9F418000126B7 /* BLEHandler.swift */; };
		D7BBEA111BDA0167000126B7 /* LeaderboardController.swift in Sources */ = {isa = PBXBuildFile; fileRef = D7BBEA101BDA0167000126B7 /* LeaderboardController.swift */; };
		D7C0D1D61BBC7A7B0037B7D8 /* icon-60@2x.png in Resources */ = {isa = PBXBuildFile; fileRef = D7C0D1D51BBC7A7B0037B7D8 /* icon-60@2x.png */; };
/* End PBXBuildFile section */

/* Begin PBXContainerItemProxy section */
		D74415961BBB2AE0004E84F8 /* PBXContainerItemProxy */ = {
			isa = PBXContainerItemProxy;
			containerPortal = D74415781BBB2ADF004E84F8 /* Project object */;
			proxyType = 1;
			remoteGlobalIDString = D744157F1BBB2ADF004E84F8;
			remoteInfo = crazyEights;
		};
/* End PBXContainerItemProxy section */

/* Begin PBXFileReference section */
		B267E7841BDF141F001A461B /* LeaderboardSingleton.swift */ = {isa = PBXFileReference; fileEncoding = 4; lastKnownFileType = sourcecode.swift; path = LeaderboardSingleton.swift; sourceTree = "<group>"; };
		D74415801BBB2AE0004E84F8 /* crazyEights.app */ = {isa = PBXFileReference; explicitFileType = wrapper.application; includeInIndex = 0; path = crazyEights.app; sourceTree = BUILT_PRODUCTS_DIR; };
		D74415841BBB2AE0004E84F8 /* Info.plist */ = {isa = PBXFileReference; lastKnownFileType = text.plist.xml; path = Info.plist; sourceTree = "<group>"; };
		D74415851BBB2AE0004E84F8 /* AppDelegate.swift */ = {isa = PBXFileReference; lastKnownFileType = sourcecode.swift; path = AppDelegate.swift; sourceTree = "<group>"; };
		D74415871BBB2AE0004E84F8 /* ViewController.swift */ = {isa = PBXFileReference; lastKnownFileType = sourcecode.swift; path = ViewController.swift; sourceTree = "<group>"; };
		D744158C1BBB2AE0004E84F8 /* Images.xcassets */ = {isa = PBXFileReference; lastKnownFileType = folder.assetcatalog; path = Images.xcassets; sourceTree = "<group>"; };
		D744158F1BBB2AE0004E84F8 /* Base */ = {isa = PBXFileReference; lastKnownFileType = file.xib; name = Base; path = Base.lproj/LaunchScreen.xib; sourceTree = "<group>"; };
		D74415951BBB2AE0004E84F8 /* crazyEightsTests.xctest */ = {isa = PBXFileReference; explicitFileType = wrapper.cfbundle; includeInIndex = 0; path = crazyEightsTests.xctest; sourceTree = BUILT_PRODUCTS_DIR; };
		D744159A1BBB2AE0004E84F8 /* Info.plist */ = {isa = PBXFileReference; lastKnownFileType = text.plist.xml; path = Info.plist; sourceTree = "<group>"; };
		D744159B1BBB2AE0004E84F8 /* crazyEightsTests.swift */ = {isa = PBXFileReference; lastKnownFileType = sourcecode.swift; path = crazyEightsTests.swift; sourceTree = "<group>"; };
		D74415AD1BBB4C90004E84F8 /* Main.storyboard */ = {isa = PBXFileReference; fileEncoding = 4; lastKnownFileType = file.storyboard; name = Main.storyboard; path = Base.lproj/Main.storyboard; sourceTree = "<group>"; };
		D74415B11BBBAC88004E84F8 /* GamePlayController.swift */ = {isa = PBXFileReference; fileEncoding = 4; lastKnownFileType = sourcecode.swift; path = GamePlayController.swift; sourceTree = "<group>"; };
		D7747D4F1BBE266D00E95D6F /* background.png */ = {isa = PBXFileReference; lastKnownFileType = image.png; path = background.png; sourceTree = "<group>"; };
		D7747D501BBE266D00E95D6F /* dealcards.png */ = {isa = PBXFileReference; lastKnownFileType = image.png; path = dealcards.png; sourceTree = "<group>"; };
		D7747D511BBE266D00E95D6F /* player.png */ = {isa = PBXFileReference; lastKnownFileType = image.png; path = player.png; sourceTree = "<group>"; };
		D79E10EA1BE96EE6005B6A46 /* maria_profile_head_02.png */ = {isa = PBXFileReference; lastKnownFileType = image.png; path = maria_profile_head_02.png; sourceTree = "<group>"; };
		D79E10EC1BE96FFF005B6A46 /* matt_profile_head_02.png */ = {isa = PBXFileReference; lastKnownFileType = image.png; path = matt_profile_head_02.png; sourceTree = "<group>"; };
		D79E10EE1BE97CF0005B6A46 /* nelson_profile_head_02.png */ = {isa = PBXFileReference; lastKnownFileType = image.png; path = nelson_profile_head_02.png; sourceTree = "<group>"; };
		D79E10F01BE97D30005B6A46 /* jesse_profile_head_02.png */ = {isa = PBXFileReference; lastKnownFileType = image.png; path = jesse_profile_head_02.png; sourceTree = "<group>"; };
		D79E10F21BE97D82005B6A46 /* jane_profile_head_02.png */ = {isa = PBXFileReference; lastKnownFileType = image.png; path = jane_profile_head_02.png; sourceTree = "<group>"; };
		D7A7AFC31BE7FC8D001A5B58 /* logo.png */ = {isa = PBXFileReference; lastKnownFileType = image.png; path = logo.png; sourceTree = "<group>"; };
		D7A7AFCF1BE80F50001A5B58 /* left_arrow@2x.png */ = {isa = PBXFileReference; lastKnownFileType = image.png; path = "left_arrow@2x.png"; sourceTree = "<group>"; };
		D7A7AFD01BE80F50001A5B58 /* points_tracker_06.png */ = {isa = PBXFileReference; lastKnownFileType = image.png; path = points_tracker_06.png; sourceTree = "<group>"; };
		D7A7AFD51BE8265C001A5B58 /* lose_banner_06.png */ = {isa = PBXFileReference; lastKnownFileType = image.png; path = lose_banner_06.png; sourceTree = "<group>"; };
		D7A7AFDB1BE88D12001A5B58 /* PlayerController.swift */ = {isa = PBXFileReference; fileEncoding = 4; lastKnownFileType = sourcecode.swift; path = PlayerController.swift; sourceTree = "<group>"; };
		D7A7AFE11BE896BA001A5B58 /* jane_profile_02.png */ = {isa = PBXFileReference; lastKnownFileType = image.png; path = jane_profile_02.png; sourceTree = "<group>"; };
		D7A7AFE21BE896BA001A5B58 /* jesse_profile_02.png */ = {isa = PBXFileReference; lastKnownFileType = image.png; path = jesse_profile_02.png; sourceTree = "<group>"; };
		D7A7AFE31BE896BA001A5B58 /* maria_profile_02.png */ = {isa = PBXFileReference; lastKnownFileType = image.png; path = maria_profile_02.png; sourceTree = "<group>"; };
		D7A7AFE41BE896BA001A5B58 /* matt_profile_02.png */ = {isa = PBXFileReference; lastKnownFileType = image.png; path = matt_profile_02.png; sourceTree = "<group>"; };
		D7A7AFE51BE896BA001A5B58 /* nelson_profile_02.png */ = {isa = PBXFileReference; lastKnownFileType = image.png; path = nelson_profile_02.png; sourceTree = "<group>"; };
		D7B2E4121BD60AE3002FA664 /* settings_btn.png */ = {isa = PBXFileReference; lastKnownFileType = image.png; path = settings_btn.png; sourceTree = "<group>"; };
		D7B2E4161BD89D93002FA664 /* SettingsController.swift */ = {isa = PBXFileReference; fileEncoding = 4; lastKnownFileType = sourcecode.swift; path = SettingsController.swift; sourceTree = "<group>"; };
		D7B2E4181BD8A2AB002FA664 /* HomePageController.swift */ = {isa = PBXFileReference; fileEncoding = 4; lastKnownFileType = sourcecode.swift; path = HomePageController.swift; sourceTree = "<group>"; };
		D7BBEA0C1BD9F236000126B7 /* BLEManager.swift */ = {isa = PBXFileReference; fileEncoding = 4; lastKnownFileType = sourcecode.swift; path = BLEManager.swift; sourceTree = "<group>"; };
		D7BBEA0E1BD9F418000126B7 /* BLEHandler.swift */ = {isa = PBXFileReference; fileEncoding = 4; lastKnownFileType = sourcecode.swift; path = BLEHandler.swift; sourceTree = "<group>"; };
		D7BBEA101BDA0167000126B7 /* LeaderboardController.swift */ = {isa = PBXFileReference; fileEncoding = 4; lastKnownFileType = sourcecode.swift; path = LeaderboardController.swift; sourceTree = "<group>"; };
		D7C0D1D51BBC7A7B0037B7D8 /* icon-60@2x.png */ = {isa = PBXFileReference; lastKnownFileType = image.png; path = "icon-60@2x.png"; sourceTree = "<group>"; };
/* End PBXFileReference section */

/* Begin PBXFrameworksBuildPhase section */
		D744157D1BBB2ADF004E84F8 /* Frameworks */ = {
			isa = PBXFrameworksBuildPhase;
			buildActionMask = 2147483647;
			files = (
			);
			runOnlyForDeploymentPostprocessing = 0;
		};
		D74415921BBB2AE0004E84F8 /* Frameworks */ = {
			isa = PBXFrameworksBuildPhase;
			buildActionMask = 2147483647;
			files = (
			);
			runOnlyForDeploymentPostprocessing = 0;
		};
/* End PBXFrameworksBuildPhase section */

/* Begin PBXGroup section */
		D74415771BBB2ADF004E84F8 = {
			isa = PBXGroup;
			children = (
				D74415821BBB2AE0004E84F8 /* crazyEights */,
				D74415981BBB2AE0004E84F8 /* crazyEightsTests */,
				D74415811BBB2AE0004E84F8 /* Products */,
			);
			sourceTree = "<group>";
		};
		D74415811BBB2AE0004E84F8 /* Products */ = {
			isa = PBXGroup;
			children = (
				D74415801BBB2AE0004E84F8 /* crazyEights.app */,
				D74415951BBB2AE0004E84F8 /* crazyEightsTests.xctest */,
			);
			name = Products;
			sourceTree = "<group>";
		};
		D74415821BBB2AE0004E84F8 /* crazyEights */ = {
			isa = PBXGroup;
			children = (
				D79E10F21BE97D82005B6A46 /* jane_profile_head_02.png */,
				D79E10F01BE97D30005B6A46 /* jesse_profile_head_02.png */,
				D79E10EE1BE97CF0005B6A46 /* nelson_profile_head_02.png */,
				D79E10EC1BE96FFF005B6A46 /* matt_profile_head_02.png */,
				D79E10EA1BE96EE6005B6A46 /* maria_profile_head_02.png */,
				D7A7AFE11BE896BA001A5B58 /* jane_profile_02.png */,
				D7A7AFE21BE896BA001A5B58 /* jesse_profile_02.png */,
				D7A7AFE31BE896BA001A5B58 /* maria_profile_02.png */,
				D7A7AFE41BE896BA001A5B58 /* matt_profile_02.png */,
				D7A7AFE51BE896BA001A5B58 /* nelson_profile_02.png */,
				D7A7AFD51BE8265C001A5B58 /* lose_banner_06.png */,
				D7A7AFCF1BE80F50001A5B58 /* left_arrow@2x.png */,
				D7A7AFD01BE80F50001A5B58 /* points_tracker_06.png */,
				D7A7AFC31BE7FC8D001A5B58 /* logo.png */,
				D7B2E4121BD60AE3002FA664 /* settings_btn.png */,
				D7C0D1D51BBC7A7B0037B7D8 /* icon-60@2x.png */,
				D7747D4F1BBE266D00E95D6F /* background.png */,
				D7747D501BBE266D00E95D6F /* dealcards.png */,
				D7747D511BBE266D00E95D6F /* player.png */,
				D74415AD1BBB4C90004E84F8 /* Main.storyboard */,
				D74415851BBB2AE0004E84F8 /* AppDelegate.swift */,
				D74415871BBB2AE0004E84F8 /* ViewController.swift */,
				D744158C1BBB2AE0004E84F8 /* Images.xcassets */,
				D744158E1BBB2AE0004E84F8 /* LaunchScreen.xib */,
				D74415831BBB2AE0004E84F8 /* Supporting Files */,
				D74415B11BBBAC88004E84F8 /* GamePlayController.swift */,
				D7B2E4161BD89D93002FA664 /* SettingsController.swift */,
				D7B2E4181BD8A2AB002FA664 /* HomePageController.swift */,
				D7BBEA0C1BD9F236000126B7 /* BLEManager.swift */,
				D7BBEA0E1BD9F418000126B7 /* BLEHandler.swift */,
				D7BBEA101BDA0167000126B7 /* LeaderboardController.swift */,
				B267E7841BDF141F001A461B /* LeaderboardSingleton.swift */,
				D7A7AFDB1BE88D12001A5B58 /* PlayerController.swift */,
			);
			path = crazyEights;
			sourceTree = "<group>";
		};
		D74415831BBB2AE0004E84F8 /* Supporting Files */ = {
			isa = PBXGroup;
			children = (
				D74415841BBB2AE0004E84F8 /* Info.plist */,
			);
			name = "Supporting Files";
			sourceTree = "<group>";
		};
		D74415981BBB2AE0004E84F8 /* crazyEightsTests */ = {
			isa = PBXGroup;
			children = (
				D744159B1BBB2AE0004E84F8 /* crazyEightsTests.swift */,
				D74415991BBB2AE0004E84F8 /* Supporting Files */,
			);
			path = crazyEightsTests;
			sourceTree = "<group>";
		};
		D74415991BBB2AE0004E84F8 /* Supporting Files */ = {
			isa = PBXGroup;
			children = (
				D744159A1BBB2AE0004E84F8 /* Info.plist */,
			);
			name = "Supporting Files";
			sourceTree = "<group>";
		};
/* End PBXGroup section */

/* Begin PBXNativeTarget section */
		D744157F1BBB2ADF004E84F8 /* crazyEights */ = {
			isa = PBXNativeTarget;
			buildConfigurationList = D744159F1BBB2AE0004E84F8 /* Build configuration list for PBXNativeTarget "crazyEights" */;
			buildPhases = (
				D744157C1BBB2ADF004E84F8 /* Sources */,
				D744157D1BBB2ADF004E84F8 /* Frameworks */,
				D744157E1BBB2ADF004E84F8 /* Resources */,
			);
			buildRules = (
			);
			dependencies = (
			);
			name = crazyEights;
			productName = crazyEights;
			productReference = D74415801BBB2AE0004E84F8 /* crazyEights.app */;
			productType = "com.apple.product-type.application";
		};
		D74415941BBB2AE0004E84F8 /* crazyEightsTests */ = {
			isa = PBXNativeTarget;
			buildConfigurationList = D74415A21BBB2AE0004E84F8 /* Build configuration list for PBXNativeTarget "crazyEightsTests" */;
			buildPhases = (
				D74415911BBB2AE0004E84F8 /* Sources */,
				D74415921BBB2AE0004E84F8 /* Frameworks */,
				D74415931BBB2AE0004E84F8 /* Resources */,
			);
			buildRules = (
			);
			dependencies = (
				D74415971BBB2AE0004E84F8 /* PBXTargetDependency */,
			);
			name = crazyEightsTests;
			productName = crazyEightsTests;
			productReference = D74415951BBB2AE0004E84F8 /* crazyEightsTests.xctest */;
			productType = "com.apple.product-type.bundle.unit-test";
		};
/* End PBXNativeTarget section */

/* Begin PBXProject section */
		D74415781BBB2ADF004E84F8 /* Project object */ = {
			isa = PBXProject;
			attributes = {
				LastUpgradeCheck = 0640;
				ORGANIZATIONNAME = "Kamal Gill";
				TargetAttributes = {
					D744157F1BBB2ADF004E84F8 = {
						CreatedOnToolsVersion = 6.4;
						DevelopmentTeam = EUJ48B943H;
					};
					D74415941BBB2AE0004E84F8 = {
						CreatedOnToolsVersion = 6.4;
						TestTargetID = D744157F1BBB2ADF004E84F8;
					};
				};
			};
			buildConfigurationList = D744157B1BBB2ADF004E84F8 /* Build configuration list for PBXProject "crazyEights" */;
			compatibilityVersion = "Xcode 3.2";
			developmentRegion = English;
			hasScannedForEncodings = 0;
			knownRegions = (
				en,
				Base,
			);
			mainGroup = D74415771BBB2ADF004E84F8;
			productRefGroup = D74415811BBB2AE0004E84F8 /* Products */;
			projectDirPath = "";
			projectRoot = "";
			targets = (
				D744157F1BBB2ADF004E84F8 /* crazyEights */,
				D74415941BBB2AE0004E84F8 /* crazyEightsTests */,
			);
		};
/* End PBXProject section */

/* Begin PBXResourcesBuildPhase section */
		D744157E1BBB2ADF004E84F8 /* Resources */ = {
			isa = PBXResourcesBuildPhase;
			buildActionMask = 2147483647;
			files = (
				D7A7AFE61BE896BA001A5B58 /* jane_profile_02.png in Resources */,
				D7B2E4131BD60AE3002FA664 /* settings_btn.png in Resources */,
				D74415AE1BBB4C90004E84F8 /* Main.storyboard in Resources */,
				D7A7AFC41BE7FC8D001A5B58 /* logo.png in Resources */,
				D7747D521BBE266D00E95D6F /* background.png in Resources */,
				D7A7AFEA1BE896BA001A5B58 /* nelson_profile_02.png in Resources */,
				D79E10F11BE97D30005B6A46 /* jesse_profile_head_02.png in Resources */,
				D7A7AFE81BE896BA001A5B58 /* maria_profile_02.png in Resources */,
				D7A7AFD61BE8265C001A5B58 /* lose_banner_06.png in Resources */,
				D7747D541BBE266D00E95D6F /* player.png in Resources */,
				D7A7AFD21BE80F50001A5B58 /* left_arrow@2x.png in Resources */,
				D7A7AFD31BE80F50001A5B58 /* points_tracker_06.png in Resources */,
				D7747D531BBE266D00E95D6F /* dealcards.png in Resources */,
				D79E10ED1BE96FFF005B6A46 /* matt_profile_head_02.png in Resources */,
				D7A7AFE71BE896BA001A5B58 /* jesse_profile_02.png in Resources */,
				D79E10F31BE97D82005B6A46 /* jane_profile_head_02.png in Resources */,
				D7C0D1D61BBC7A7B0037B7D8 /* icon-60@2x.png in Resources */,
				D79E10EB1BE96EE6005B6A46 /* maria_profile_head_02.png in Resources */,
				D7A7AFE91BE896BA001A5B58 /* matt_profile_02.png in Resources */,
				D74415901BBB2AE0004E84F8 /* LaunchScreen.xib in Resources */,
				D79E10EF1BE97CF0005B6A46 /* nelson_profile_head_02.png in Resources */,
				D744158D1BBB2AE0004E84F8 /* Images.xcassets in Resources */,
			);
			runOnlyForDeploymentPostprocessing = 0;
		};
		D74415931BBB2AE0004E84F8 /* Resources */ = {
			isa = PBXResourcesBuildPhase;
			buildActionMask = 2147483647;
			files = (
			);
			runOnlyForDeploymentPostprocessing = 0;
		};
/* End PBXResourcesBuildPhase section */

/* Begin PBXSourcesBuildPhase section */
		D744157C1BBB2ADF004E84F8 /* Sources */ = {
			isa = PBXSourcesBuildPhase;
			buildActionMask = 2147483647;
			files = (
				D7B2E4171BD89D93002FA664 /* SettingsController.swift in Sources */,
				D7BBEA0D1BD9F236000126B7 /* BLEManager.swift in Sources */,
				D7B2E4191BD8A2AB002FA664 /* HomePageController.swift in Sources */,
				D7BBEA0F1BD9F418000126B7 /* BLEHandler.swift in Sources */,
				D74415B21BBBAC88004E84F8 /* GamePlayController.swift in Sources */,
				D74415881BBB2AE0004E84F8 /* ViewController.swift in Sources */,
				D74415861BBB2AE0004E84F8 /* AppDelegate.swift in Sources */,
				B267E7851BDF141F001A461B /* LeaderboardSingleton.swift in Sources */,
				D7A7AFDC1BE88D12001A5B58 /* PlayerController.swift in Sources */,
				D7BBEA111BDA0167000126B7 /* LeaderboardController.swift in Sources */,
			);
			runOnlyForDeploymentPostprocessing = 0;
		};
		D74415911BBB2AE0004E84F8 /* Sources */ = {
			isa = PBXSourcesBuildPhase;
			buildActionMask = 2147483647;
			files = (
				D744159C1BBB2AE0004E84F8 /* crazyEightsTests.swift in Sources */,
			);
			runOnlyForDeploymentPostprocessing = 0;
		};
/* End PBXSourcesBuildPhase section */

/* Begin PBXTargetDependency section */
		D74415971BBB2AE0004E84F8 /* PBXTargetDependency */ = {
			isa = PBXTargetDependency;
			target = D744157F1BBB2ADF004E84F8 /* crazyEights */;
			targetProxy = D74415961BBB2AE0004E84F8 /* PBXContainerItemProxy */;
		};
/* End PBXTargetDependency section */

/* Begin PBXVariantGroup section */
		D744158E1BBB2AE0004E84F8 /* LaunchScreen.xib */ = {
			isa = PBXVariantGroup;
			children = (
				D744158F1BBB2AE0004E84F8 /* Base */,
			);
			name = LaunchScreen.xib;
			sourceTree = "<group>";
		};
/* End PBXVariantGroup section */

/* Begin XCBuildConfiguration section */
		D744159D1BBB2AE0004E84F8 /* Debug */ = {
			isa = XCBuildConfiguration;
			buildSettings = {
				ALWAYS_SEARCH_USER_PATHS = NO;
				CLANG_CXX_LANGUAGE_STANDARD = "gnu++0x";
				CLANG_CXX_LIBRARY = "libc++";
				CLANG_ENABLE_MODULES = YES;
				CLANG_ENABLE_OBJC_ARC = YES;
				CLANG_WARN_BOOL_CONVERSION = YES;
				CLANG_WARN_CONSTANT_CONVERSION = YES;
				CLANG_WARN_DIRECT_OBJC_ISA_USAGE = YES_ERROR;
				CLANG_WARN_EMPTY_BODY = YES;
				CLANG_WARN_ENUM_CONVERSION = YES;
				CLANG_WARN_INT_CONVERSION = YES;
				CLANG_WARN_OBJC_ROOT_CLASS = YES_ERROR;
				CLANG_WARN_UNREACHABLE_CODE = YES;
				CLANG_WARN__DUPLICATE_METHOD_MATCH = YES;
				"CODE_SIGN_IDENTITY[sdk=iphoneos*]" = "iPhone Developer";
				COPY_PHASE_STRIP = NO;
				DEBUG_INFORMATION_FORMAT = "dwarf-with-dsym";
				ENABLE_STRICT_OBJC_MSGSEND = YES;
				GCC_C_LANGUAGE_STANDARD = gnu99;
				GCC_DYNAMIC_NO_PIC = NO;
				GCC_NO_COMMON_BLOCKS = YES;
				GCC_OPTIMIZATION_LEVEL = 0;
				GCC_PREPROCESSOR_DEFINITIONS = (
					"DEBUG=1",
					"$(inherited)",
				);
				GCC_SYMBOLS_PRIVATE_EXTERN = NO;
				GCC_WARN_64_TO_32_BIT_CONVERSION = YES;
				GCC_WARN_ABOUT_RETURN_TYPE = YES_ERROR;
				GCC_WARN_UNDECLARED_SELECTOR = YES;
				GCC_WARN_UNINITIALIZED_AUTOS = YES_AGGRESSIVE;
				GCC_WARN_UNUSED_FUNCTION = YES;
				GCC_WARN_UNUSED_VARIABLE = YES;
				IPHONEOS_DEPLOYMENT_TARGET = 8.4;
				MTL_ENABLE_DEBUG_INFO = YES;
				ONLY_ACTIVE_ARCH = YES;
				SDKROOT = iphoneos;
				SWIFT_OPTIMIZATION_LEVEL = "-Onone";
			};
			name = Debug;
		};
		D744159E1BBB2AE0004E84F8 /* Release */ = {
			isa = XCBuildConfiguration;
			buildSettings = {
				ALWAYS_SEARCH_USER_PATHS = NO;
				CLANG_CXX_LANGUAGE_STANDARD = "gnu++0x";
				CLANG_CXX_LIBRARY = "libc++";
				CLANG_ENABLE_MODULES = YES;
				CLANG_ENABLE_OBJC_ARC = YES;
				CLANG_WARN_BOOL_CONVERSION = YES;
				CLANG_WARN_CONSTANT_CONVERSION = YES;
				CLANG_WARN_DIRECT_OBJC_ISA_USAGE = YES_ERROR;
				CLANG_WARN_EMPTY_BODY = YES;
				CLANG_WARN_ENUM_CONVERSION = YES;
				CLANG_WARN_INT_CONVERSION = YES;
				CLANG_WARN_OBJC_ROOT_CLASS = YES_ERROR;
				CLANG_WARN_UNREACHABLE_CODE = YES;
				CLANG_WARN__DUPLICATE_METHOD_MATCH = YES;
				"CODE_SIGN_IDENTITY[sdk=iphoneos*]" = "iPhone Developer";
				COPY_PHASE_STRIP = NO;
				DEBUG_INFORMATION_FORMAT = "dwarf-with-dsym";
				ENABLE_NS_ASSERTIONS = NO;
				ENABLE_STRICT_OBJC_MSGSEND = YES;
				GCC_C_LANGUAGE_STANDARD = gnu99;
				GCC_NO_COMMON_BLOCKS = YES;
				GCC_WARN_64_TO_32_BIT_CONVERSION = YES;
				GCC_WARN_ABOUT_RETURN_TYPE = YES_ERROR;
				GCC_WARN_UNDECLARED_SELECTOR = YES;
				GCC_WARN_UNINITIALIZED_AUTOS = YES_AGGRESSIVE;
				GCC_WARN_UNUSED_FUNCTION = YES;
				GCC_WARN_UNUSED_VARIABLE = YES;
				IPHONEOS_DEPLOYMENT_TARGET = 8.4;
				MTL_ENABLE_DEBUG_INFO = NO;
				SDKROOT = iphoneos;
				VALIDATE_PRODUCT = YES;
			};
			name = Release;
		};
		D74415A01BBB2AE0004E84F8 /* Debug */ = {
			isa = XCBuildConfiguration;
			buildSettings = {
				ASSETCATALOG_COMPILER_APPICON_NAME = AppIcon;
				CODE_SIGN_IDENTITY = "iPhone Developer";
				INFOPLIST_FILE = crazyEights/Info.plist;
				LD_RUNPATH_SEARCH_PATHS = "$(inherited) @executable_path/Frameworks";
				PRODUCT_NAME = "$(TARGET_NAME)";
			};
			name = Debug;
		};
		D74415A11BBB2AE0004E84F8 /* Release */ = {
			isa = XCBuildConfiguration;
			buildSettings = {
				ASSETCATALOG_COMPILER_APPICON_NAME = AppIcon;
				CODE_SIGN_IDENTITY = "iPhone Developer";
				INFOPLIST_FILE = crazyEights/Info.plist;
				LD_RUNPATH_SEARCH_PATHS = "$(inherited) @executable_path/Frameworks";
				PRODUCT_NAME = "$(TARGET_NAME)";
			};
			name = Release;
		};
		D74415A31BBB2AE0004E84F8 /* Debug */ = {
			isa = XCBuildConfiguration;
			buildSettings = {
				BUNDLE_LOADER = "$(TEST_HOST)";
				FRAMEWORK_SEARCH_PATHS = (
					"$(SDKROOT)/Developer/Library/Frameworks",
					"$(inherited)",
				);
				GCC_PREPROCESSOR_DEFINITIONS = (
					"DEBUG=1",
					"$(inherited)",
				);
				INFOPLIST_FILE = crazyEightsTests/Info.plist;
				LD_RUNPATH_SEARCH_PATHS = "$(inherited) @executable_path/Frameworks @loader_path/Frameworks";
				PRODUCT_NAME = "$(TARGET_NAME)";
				TEST_HOST = "$(BUILT_PRODUCTS_DIR)/crazyEights.app/crazyEights";
			};
			name = Debug;
		};
		D74415A41BBB2AE0004E84F8 /* Release */ = {
			isa = XCBuildConfiguration;
			buildSettings = {
				BUNDLE_LOADER = "$(TEST_HOST)";
				FRAMEWORK_SEARCH_PATHS = (
					"$(SDKROOT)/Developer/Library/Frameworks",
					"$(inherited)",
				);
				INFOPLIST_FILE = crazyEightsTests/Info.plist;
				LD_RUNPATH_SEARCH_PATHS = "$(inherited) @executable_path/Frameworks @loader_path/Frameworks";
				PRODUCT_NAME = "$(TARGET_NAME)";
				TEST_HOST = "$(BUILT_PRODUCTS_DIR)/crazyEights.app/crazyEights";
			};
			name = Release;
		};
/* End XCBuildConfiguration section */

/* Begin XCConfigurationList section */
		D744157B1BBB2ADF004E84F8 /* Build configuration list for PBXProject "crazyEights" */ = {
			isa = XCConfigurationList;
			buildConfigurations = (
				D744159D1BBB2AE0004E84F8 /* Debug */,
				D744159E1BBB2AE0004E84F8 /* Release */,
			);
			defaultConfigurationIsVisible = 0;
			defaultConfigurationName = Release;
		};
		D744159F1BBB2AE0004E84F8 /* Build configuration list for PBXNativeTarget "crazyEights" */ = {
			isa = XCConfigurationList;
			buildConfigurations = (
				D74415A01BBB2AE0004E84F8 /* Debug */,
				D74415A11BBB2AE0004E84F8 /* Release */,
			);
			defaultConfigurationIsVisible = 0;
			defaultConfigurationName = Release;
		};
		D74415A21BBB2AE0004E84F8 /* Build configuration list for PBXNativeTarget "crazyEightsTests" */ = {
			isa = XCConfigurationList;
			buildConfigurations = (
				D74415A31BBB2AE0004E84F8 /* Debug */,
				D74415A41BBB2AE0004E84F8 /* Release */,
			);
			defaultConfigurationIsVisible = 0;
			defaultConfigurationName = Release;
		};
/* End XCConfigurationList section */
	};
	rootObject = D74415781BBB2ADF004E84F8 /* Project object */;
}
